// !$*UTF8*$!
{
	archiveVersion = 1;
	classes = {
	};
	objectVersion = 55;
	objects = {

/* Begin PBXGroup section */
		7D7A42D02A767F1B00E23CC4 = {
			isa = PBXGroup;
			children = (
			);
			sourceTree = "<group>";
		};
/* End PBXGroup section */

/* Begin PBXProject section */
		7D7A42D12A767F1B00E23CC4 /* Project object */ = {
			isa = PBXProject;
			attributes = {
				BuildIndependentTargetsInParallel = 1;
				LastUpgradeCheck = 1320;
			};
			buildConfigurationList = 7D7A42D42A767F1B00E23CC4 /* Build configuration list for PBXProject "SwiftGrammer" */;
			compatibilityVersion = "Xcode 13.0";
			developmentRegion = en;
			hasScannedForEncodings = 0;
			knownRegions = (
				en,
				Base,
			);
			mainGroup = 7D7A42D02A767F1B00E23CC4;
			projectDirPath = "";
			projectRoot = "";
			targets = (
			);
		};
/* End PBXProject section */

/* Begin XCBuildConfiguration section */
		7D7A42D52A767F1C00E23CC4 /* Debug */ = {
			isa = XCBuildConfiguration;
			buildSettings = {
			};
			name = Debug;
		};
		7D7A42D62A767F1C00E23CC4 /* Release */ = {
			isa = XCBuildConfiguration;
			buildSettings = {
			};
			name = Release;
		};
/* End XCBuildConfiguration section */

/* Begin XCConfigurationList section */
		7D7A42D42A767F1B00E23CC4 /* Build configuration list for PBXProject "SwiftGrammer" */ = {
			isa = XCConfigurationList;
			buildConfigurations = (
				7D7A42D52A767F1C00E23CC4 /* Debug */,
				7D7A42D62A767F1C00E23CC4 /* Release */,
			);
			defaultConfigurationIsVisible = 0;
			defaultConfigurationName = Release;
		};
/* End XCConfigurationList section */
	};
	rootObject = 7D7A42D12A767F1B00E23CC4 /* Project object */;
}
